// !$*UTF8*$!
{
	archiveVersion = 1;
	classes = {
	};
	objectVersion = 46;
	objects = {

/* Begin PBXBuildFile section */
		56F32A361B72C5D100053EC4 /* main.m in Sources */ = {isa = PBXBuildFile; fileRef = 56F32A351B72C5D100053EC4 /* main.m */; };
		56F32A411B72C5D100053EC4 /* Images.xcassets in Resources */ = {isa = PBXBuildFile; fileRef = 56F32A401B72C5D100053EC4 /* Images.xcassets */; };
		56F32A501B72C5D100053EC4 /* snippetsTests.m in Sources */ = {isa = PBXBuildFile; fileRef = 56F32A4F1B72C5D100053EC4 /* snippetsTests.m */; };
		56F32A761B72C71300053EC4 /* AppDelegate.m in Sources */ = {isa = PBXBuildFile; fileRef = 56F32A6A1B72C71300053EC4 /* AppDelegate.m */; };
		56F32A771B72C71300053EC4 /* LaunchScreen.xib in Resources */ = {isa = PBXBuildFile; fileRef = 56F32A6C1B72C71300053EC4 /* LaunchScreen.xib */; };
		56F32A781B72C71300053EC4 /* Main.storyboard in Resources */ = {isa = PBXBuildFile; fileRef = 56F32A6E1B72C71300053EC4 /* Main.storyboard */; };
		56F32A791B72C71300053EC4 /* SHScheduledTask.m in Sources */ = {isa = PBXBuildFile; fileRef = 56F32A721B72C71300053EC4 /* SHScheduledTask.m */; };
		56F32A7A1B72C71300053EC4 /* ViewController.m in Sources */ = {isa = PBXBuildFile; fileRef = 56F32A741B72C71300053EC4 /* ViewController.m */; };
/* End PBXBuildFile section */

/* Begin PBXContainerItemProxy section */
		56F32A4A1B72C5D100053EC4 /* PBXContainerItemProxy */ = {
			isa = PBXContainerItemProxy;
			containerPortal = 56F32A281B72C5D100053EC4 /* Project object */;
			proxyType = 1;
			remoteGlobalIDString = 56F32A2F1B72C5D100053EC4;
			remoteInfo = snippets;
		};
/* End PBXContainerItemProxy section */

/* Begin PBXFileReference section */
		56F32A301B72C5D100053EC4 /* snippets.app */ = {isa = PBXFileReference; explicitFileType = wrapper.application; includeInIndex = 0; path = snippets.app; sourceTree = BUILT_PRODUCTS_DIR; };
		56F32A341B72C5D100053EC4 /* Info.plist */ = {isa = PBXFileReference; lastKnownFileType = text.plist.xml; path = Info.plist; sourceTree = "<group>"; };
		56F32A351B72C5D100053EC4 /* main.m */ = {isa = PBXFileReference; lastKnownFileType = sourcecode.c.objc; path = main.m; sourceTree = "<group>"; };
		56F32A401B72C5D100053EC4 /* Images.xcassets */ = {isa = PBXFileReference; lastKnownFileType = folder.assetcatalog; path = Images.xcassets; sourceTree = "<group>"; };
		56F32A491B72C5D100053EC4 /* snippetsTests.xctest */ = {isa = PBXFileReference; explicitFileType = wrapper.cfbundle; includeInIndex = 0; path = snippetsTests.xctest; sourceTree = BUILT_PRODUCTS_DIR; };
		56F32A4E1B72C5D100053EC4 /* Info.plist */ = {isa = PBXFileReference; lastKnownFileType = text.plist.xml; path = Info.plist; sourceTree = "<group>"; };
		56F32A4F1B72C5D100053EC4 /* snippetsTests.m */ = {isa = PBXFileReference; lastKnownFileType = sourcecode.c.objc; path = snippetsTests.m; sourceTree = "<group>"; };
		56F32A691B72C71300053EC4 /* AppDelegate.h */ = {isa = PBXFileReference; fileEncoding = 4; lastKnownFileType = sourcecode.c.h; path = AppDelegate.h; sourceTree = "<group>"; };
		56F32A6A1B72C71300053EC4 /* AppDelegate.m */ = {isa = PBXFileReference; fileEncoding = 4; lastKnownFileType = sourcecode.c.objc; path = AppDelegate.m; sourceTree = "<group>"; };
		56F32A6D1B72C71300053EC4 /* Base */ = {isa = PBXFileReference; lastKnownFileType = file.xib; name = Base; path = LaunchScreen.xib; sourceTree = "<group>"; };
		56F32A6F1B72C71300053EC4 /* Base */ = {isa = PBXFileReference; lastKnownFileType = file.storyboard; name = Base; path = Main.storyboard; sourceTree = "<group>"; };
		56F32A711B72C71300053EC4 /* SHScheduledTask.h */ = {isa = PBXFileReference; fileEncoding = 4; lastKnownFileType = sourcecode.c.h; path = SHScheduledTask.h; sourceTree = "<group>"; };
		56F32A721B72C71300053EC4 /* SHScheduledTask.m */ = {isa = PBXFileReference; fileEncoding = 4; lastKnownFileType = sourcecode.c.objc; path = SHScheduledTask.m; sourceTree = "<group>"; };
		56F32A731B72C71300053EC4 /* ViewController.h */ = {isa = PBXFileReference; fileEncoding = 4; lastKnownFileType = sourcecode.c.h; path = ViewController.h; sourceTree = "<group>"; };
		56F32A741B72C71300053EC4 /* ViewController.m */ = {isa = PBXFileReference; fileEncoding = 4; lastKnownFileType = sourcecode.c.objc; path = ViewController.m; sourceTree = "<group>"; };
/* End PBXFileReference section */

/* Begin PBXFrameworksBuildPhase section */
		56F32A2D1B72C5D100053EC4 /* Frameworks */ = {
			isa = PBXFrameworksBuildPhase;
			buildActionMask = 2147483647;
			files = (
			);
			runOnlyForDeploymentPostprocessing = 0;
		};
		56F32A461B72C5D100053EC4 /* Frameworks */ = {
			isa = PBXFrameworksBuildPhase;
			buildActionMask = 2147483647;
			files = (
			);
			runOnlyForDeploymentPostprocessing = 0;
		};
/* End PBXFrameworksBuildPhase section */

/* Begin PBXGroup section */
		56F32A271B72C5D100053EC4 = {
			isa = PBXGroup;
			children = (
				56F32A321B72C5D100053EC4 /* snippets */,
				56F32A4C1B72C5D100053EC4 /* snippetsTests */,
				56F32A311B72C5D100053EC4 /* Products */,
			);
			sourceTree = "<group>";
		};
		56F32A311B72C5D100053EC4 /* Products */ = {
			isa = PBXGroup;
			children = (
				56F32A301B72C5D100053EC4 /* snippets.app */,
				56F32A491B72C5D100053EC4 /* snippetsTests.xctest */,
			);
			name = Products;
			sourceTree = "<group>";
		};
		56F32A321B72C5D100053EC4 /* snippets */ = {
			isa = PBXGroup;
			children = (
				56F32A6B1B72C71300053EC4 /* Base.lproj */,
				56F32A701B72C71300053EC4 /* Classes */,
				56F32A401B72C5D100053EC4 /* Images.xcassets */,
				56F32A691B72C71300053EC4 /* AppDelegate.h */,
				56F32A6A1B72C71300053EC4 /* AppDelegate.m */,
				56F32A331B72C5D100053EC4 /* Supporting Files */,
			);
			path = snippets;
			sourceTree = "<group>";
		};
		56F32A331B72C5D100053EC4 /* Supporting Files */ = {
			isa = PBXGroup;
			children = (
				56F32A341B72C5D100053EC4 /* Info.plist */,
				56F32A351B72C5D100053EC4 /* main.m */,
			);
			name = "Supporting Files";
			sourceTree = "<group>";
		};
		56F32A4C1B72C5D100053EC4 /* snippetsTests */ = {
			isa = PBXGroup;
			children = (
				56F32A4F1B72C5D100053EC4 /* snippetsTests.m */,
				56F32A4D1B72C5D100053EC4 /* Supporting Files */,
			);
			path = snippetsTests;
			sourceTree = "<group>";
		};
		56F32A4D1B72C5D100053EC4 /* Supporting Files */ = {
			isa = PBXGroup;
			children = (
				56F32A4E1B72C5D100053EC4 /* Info.plist */,
			);
			name = "Supporting Files";
			sourceTree = "<group>";
		};
		56F32A6B1B72C71300053EC4 /* Base.lproj */ = {
			isa = PBXGroup;
			children = (
				56F32A6C1B72C71300053EC4 /* LaunchScreen.xib */,
				56F32A6E1B72C71300053EC4 /* Main.storyboard */,
			);
			path = Base.lproj;
			sourceTree = "<group>";
		};
		56F32A701B72C71300053EC4 /* Classes */ = {
			isa = PBXGroup;
			children = (
				56F32A711B72C71300053EC4 /* SHScheduledTask.h */,
				56F32A721B72C71300053EC4 /* SHScheduledTask.m */,
				56F32A731B72C71300053EC4 /* ViewController.h */,
				56F32A741B72C71300053EC4 /* ViewController.m */,
			);
			path = Classes;
			sourceTree = "<group>";
		};
/* End PBXGroup section */

/* Begin PBXNativeTarget section */
		56F32A2F1B72C5D100053EC4 /* snippets */ = {
			isa = PBXNativeTarget;
			buildConfigurationList = 56F32A531B72C5D100053EC4 /* Build configuration list for PBXNativeTarget "snippets" */;
			buildPhases = (
				56F32A2C1B72C5D100053EC4 /* Sources */,
				56F32A2D1B72C5D100053EC4 /* Frameworks */,
				56F32A2E1B72C5D100053EC4 /* Resources */,
			);
			buildRules = (
			);
			dependencies = (
			);
			name = snippets;
			productName = snippets;
			productReference = 56F32A301B72C5D100053EC4 /* snippets.app */;
			productType = "com.apple.product-type.application";
		};
		56F32A481B72C5D100053EC4 /* snippetsTests */ = {
			isa = PBXNativeTarget;
			buildConfigurationList = 56F32A561B72C5D100053EC4 /* Build configuration list for PBXNativeTarget "snippetsTests" */;
			buildPhases = (
				56F32A451B72C5D100053EC4 /* Sources */,
				56F32A461B72C5D100053EC4 /* Frameworks */,
				56F32A471B72C5D100053EC4 /* Resources */,
			);
			buildRules = (
			);
			dependencies = (
				56F32A4B1B72C5D100053EC4 /* PBXTargetDependency */,
			);
			name = snippetsTests;
			productName = snippetsTests;
			productReference = 56F32A491B72C5D100053EC4 /* snippetsTests.xctest */;
			productType = "com.apple.product-type.bundle.unit-test";
		};
/* End PBXNativeTarget section */

/* Begin PBXProject section */
		56F32A281B72C5D100053EC4 /* Project object */ = {
			isa = PBXProject;
			attributes = {
				LastUpgradeCheck = 0620;
				ORGANIZATIONNAME = sumant;
				TargetAttributes = {
					56F32A2F1B72C5D100053EC4 = {
						CreatedOnToolsVersion = 6.2;
					};
					56F32A481B72C5D100053EC4 = {
						CreatedOnToolsVersion = 6.2;
						TestTargetID = 56F32A2F1B72C5D100053EC4;
					};
				};
			};
			buildConfigurationList = 56F32A2B1B72C5D100053EC4 /* Build configuration list for PBXProject "snippets" */;
			compatibilityVersion = "Xcode 3.2";
			developmentRegion = English;
			hasScannedForEncodings = 0;
			knownRegions = (
				en,
				Base,
			);
			mainGroup = 56F32A271B72C5D100053EC4;
			productRefGroup = 56F32A311B72C5D100053EC4 /* Products */;
			projectDirPath = "";
			projectRoot = "";
			targets = (
				56F32A2F1B72C5D100053EC4 /* snippets */,
				56F32A481B72C5D100053EC4 /* snippetsTests */,
			);
		};
/* End PBXProject section */

/* Begin PBXResourcesBuildPhase section */
		56F32A2E1B72C5D100053EC4 /* Resources */ = {
			isa = PBXResourcesBuildPhase;
			buildActionMask = 2147483647;
			files = (
				56F32A771B72C71300053EC4 /* LaunchScreen.xib in Resources */,
				56F32A781B72C71300053EC4 /* Main.storyboard in Resources */,
				56F32A411B72C5D100053EC4 /* Images.xcassets in Resources */,
			);
			runOnlyForDeploymentPostprocessing = 0;
		};
		56F32A471B72C5D100053EC4 /* Resources */ = {
			isa = PBXResourcesBuildPhase;
			buildActionMask = 2147483647;
			files = (
			);
			runOnlyForDeploymentPostprocessing = 0;
		};
/* End PBXResourcesBuildPhase section */

/* Begin PBXSourcesBuildPhase section */
		56F32A2C1B72C5D100053EC4 /* Sources */ = {
			isa = PBXSourcesBuildPhase;
			buildActionMask = 2147483647;
			files = (
				56F32A761B72C71300053EC4 /* AppDelegate.m in Sources */,
				56F32A361B72C5D100053EC4 /* main.m in Sources */,
				56F32A7A1B72C71300053EC4 /* ViewController.m in Sources */,
				56F32A791B72C71300053EC4 /* SHScheduledTask.m in Sources */,
			);
			runOnlyForDeploymentPostprocessing = 0;
		};
		56F32A451B72C5D100053EC4 /* Sources */ = {
			isa = PBXSourcesBuildPhase;
			buildActionMask = 2147483647;
			files = (
				56F32A501B72C5D100053EC4 /* snippetsTests.m in Sources */,
			);
			runOnlyForDeploymentPostprocessing = 0;
		};
/* End PBXSourcesBuildPhase section */

/* Begin PBXTargetDependency section */
		56F32A4B1B72C5D100053EC4 /* PBXTargetDependency */ = {
			isa = PBXTargetDependency;
			target = 56F32A2F1B72C5D100053EC4 /* snippets */;
			targetProxy = 56F32A4A1B72C5D100053EC4 /* PBXContainerItemProxy */;
		};
/* End PBXTargetDependency section */

/* Begin PBXVariantGroup section */
		56F32A6C1B72C71300053EC4 /* LaunchScreen.xib */ = {
			isa = PBXVariantGroup;
			children = (
				56F32A6D1B72C71300053EC4 /* Base */,
			);
			name = LaunchScreen.xib;
			sourceTree = "<group>";
		};
		56F32A6E1B72C71300053EC4 /* Main.storyboard */ = {
			isa = PBXVariantGroup;
			children = (
				56F32A6F1B72C71300053EC4 /* Base */,
			);
			name = Main.storyboard;
			sourceTree = "<group>";
		};
/* End PBXVariantGroup section */

/* Begin XCBuildConfiguration section */
		56F32A511B72C5D100053EC4 /* Debug */ = {
			isa = XCBuildConfiguration;
			buildSettings = {
				ALWAYS_SEARCH_USER_PATHS = NO;
				CLANG_CXX_LANGUAGE_STANDARD = "gnu++0x";
				CLANG_CXX_LIBRARY = "libc++";
				CLANG_ENABLE_MODULES = YES;
				CLANG_ENABLE_OBJC_ARC = YES;
				CLANG_WARN_BOOL_CONVERSION = YES;
				CLANG_WARN_CONSTANT_CONVERSION = YES;
				CLANG_WARN_DIRECT_OBJC_ISA_USAGE = YES_ERROR;
				CLANG_WARN_EMPTY_BODY = YES;
				CLANG_WARN_ENUM_CONVERSION = YES;
				CLANG_WARN_INT_CONVERSION = YES;
				CLANG_WARN_OBJC_ROOT_CLASS = YES_ERROR;
				CLANG_WARN_UNREACHABLE_CODE = YES;
				CLANG_WARN__DUPLICATE_METHOD_MATCH = YES;
				"CODE_SIGN_IDENTITY[sdk=iphoneos*]" = "iPhone Developer";
				COPY_PHASE_STRIP = NO;
				ENABLE_STRICT_OBJC_MSGSEND = YES;
				GCC_C_LANGUAGE_STANDARD = gnu99;
				GCC_DYNAMIC_NO_PIC = NO;
				GCC_OPTIMIZATION_LEVEL = 0;
				GCC_PREPROCESSOR_DEFINITIONS = (
					"DEBUG=1",
					"$(inherited)",
				);
				GCC_SYMBOLS_PRIVATE_EXTERN = NO;
				GCC_WARN_64_TO_32_BIT_CONVERSION = YES;
				GCC_WARN_ABOUT_RETURN_TYPE = YES_ERROR;
				GCC_WARN_UNDECLARED_SELECTOR = YES;
				GCC_WARN_UNINITIALIZED_AUTOS = YES_AGGRESSIVE;
				GCC_WARN_UNUSED_FUNCTION = YES;
				GCC_WARN_UNUSED_VARIABLE = YES;
				IPHONEOS_DEPLOYMENT_TARGET = 8.2;
				MTL_ENABLE_DEBUG_INFO = YES;
				ONLY_ACTIVE_ARCH = YES;
				SDKROOT = iphoneos;
			};
			name = Debug;
		};
		56F32A521B72C5D100053EC4 /* Release */ = {
			isa = XCBuildConfiguration;
			buildSettings = {
				ALWAYS_SEARCH_USER_PATHS = NO;
				CLANG_CXX_LANGUAGE_STANDARD = "gnu++0x";
				CLANG_CXX_LIBRARY = "libc++";
				CLANG_ENABLE_MODULES = YES;
				CLANG_ENABLE_OBJC_ARC = YES;
				CLANG_WARN_BOOL_CONVERSION = YES;
				CLANG_WARN_CONSTANT_CONVERSION = YES;
				CLANG_WARN_DIRECT_OBJC_ISA_USAGE = YES_ERROR;
				CLANG_WARN_EMPTY_BODY = YES;
				CLANG_WARN_ENUM_CONVERSION = YES;
				CLANG_WARN_INT_CONVERSION = YES;
				CLANG_WARN_OBJC_ROOT_CLASS = YES_ERROR;
				CLANG_WARN_UNREACHABLE_CODE = YES;
				CLANG_WARN__DUPLICATE_METHOD_MATCH = YES;
				"CODE_SIGN_IDENTITY[sdk=iphoneos*]" = "iPhone Developer";
				COPY_PHASE_STRIP = NO;
				ENABLE_NS_ASSERTIONS = NO;
				ENABLE_STRICT_OBJC_MSGSEND = YES;
				GCC_C_LANGUAGE_STANDARD = gnu99;
				GCC_WARN_64_TO_32_BIT_CONVERSION = YES;
				GCC_WARN_ABOUT_RETURN_TYPE = YES_ERROR;
				GCC_WARN_UNDECLARED_SELECTOR = YES;
				GCC_WARN_UNINITIALIZED_AUTOS = YES_AGGRESSIVE;
				GCC_WARN_UNUSED_FUNCTION = YES;
				GCC_WARN_UNUSED_VARIABLE = YES;
				IPHONEOS_DEPLOYMENT_TARGET = 8.2;
				MTL_ENABLE_DEBUG_INFO = NO;
				SDKROOT = iphoneos;
				VALIDATE_PRODUCT = YES;
			};
			name = Release;
		};
		56F32A541B72C5D100053EC4 /* Debug */ = {
			isa = XCBuildConfiguration;
			buildSettings = {
				ASSETCATALOG_COMPILER_APPICON_NAME = AppIcon;
				INFOPLIST_FILE = snippets/Info.plist;
				LD_RUNPATH_SEARCH_PATHS = "$(inherited) @executable_path/Frameworks";
				PRODUCT_NAME = "$(TARGET_NAME)";
			};
			name = Debug;
		};
		56F32A551B72C5D100053EC4 /* Release */ = {
			isa = XCBuildConfiguration;
			buildSettings = {
				ASSETCATALOG_COMPILER_APPICON_NAME = AppIcon;
				INFOPLIST_FILE = snippets/Info.plist;
				LD_RUNPATH_SEARCH_PATHS = "$(inherited) @executable_path/Frameworks";
				PRODUCT_NAME = "$(TARGET_NAME)";
			};
			name = Release;
		};
		56F32A571B72C5D100053EC4 /* Debug */ = {
			isa = XCBuildConfiguration;
			buildSettings = {
				BUNDLE_LOADER = "$(TEST_HOST)";
				FRAMEWORK_SEARCH_PATHS = (
					"$(SDKROOT)/Developer/Library/Frameworks",
					"$(inherited)",
				);
				GCC_PREPROCESSOR_DEFINITIONS = (
					"DEBUG=1",
					"$(inherited)",
				);
				INFOPLIST_FILE = snippetsTests/Info.plist;
				LD_RUNPATH_SEARCH_PATHS = "$(inherited) @executable_path/Frameworks @loader_path/Frameworks";
				PRODUCT_NAME = "$(TARGET_NAME)";
				TEST_HOST = "$(BUILT_PRODUCTS_DIR)/snippets.app/snippets";
			};
			name = Debug;
		};
		56F32A581B72C5D100053EC4 /* Release */ = {
			isa = XCBuildConfiguration;
			buildSettings = {
				BUNDLE_LOADER = "$(TEST_HOST)";
				FRAMEWORK_SEARCH_PATHS = (
					"$(SDKROOT)/Developer/Library/Frameworks",
					"$(inherited)",
				);
				INFOPLIST_FILE = snippetsTests/Info.plist;
				LD_RUNPATH_SEARCH_PATHS = "$(inherited) @executable_path/Frameworks @loader_path/Frameworks";
				PRODUCT_NAME = "$(TARGET_NAME)";
				TEST_HOST = "$(BUILT_PRODUCTS_DIR)/snippets.app/snippets";
			};
			name = Release;
		};
/* End XCBuildConfiguration section */

/* Begin XCConfigurationList section */
		56F32A2B1B72C5D100053EC4 /* Build configuration list for PBXProject "snippets" */ = {
			isa = XCConfigurationList;
			buildConfigurations = (
				56F32A511B72C5D100053EC4 /* Debug */,
				56F32A521B72C5D100053EC4 /* Release */,
			);
			defaultConfigurationIsVisible = 0;
			defaultConfigurationName = Release;
		};
		56F32A531B72C5D100053EC4 /* Build configuration list for PBXNativeTarget "snippets" */ = {
			isa = XCConfigurationList;
			buildConfigurations = (
				56F32A541B72C5D100053EC4 /* Debug */,
				56F32A551B72C5D100053EC4 /* Release */,
			);
			defaultConfigurationIsVisible = 0;
			defaultConfigurationName = Release;
		};
		56F32A561B72C5D100053EC4 /* Build configuration list for PBXNativeTarget "snippetsTests" */ = {
			isa = XCConfigurationList;
			buildConfigurations = (
				56F32A571B72C5D100053EC4 /* Debug */,
				56F32A581B72C5D100053EC4 /* Release */,
			);
			defaultConfigurationIsVisible = 0;
			defaultConfigurationName = Release;
		};
/* End XCConfigurationList section */
	};
	rootObject = 56F32A281B72C5D100053EC4 /* Project object */;
}
